// !$*UTF8*$!
{
	archiveVersion = 1;
	classes = {
	};
	objectVersion = 46;
	objects = {

/* Begin PBXBuildFile section */
		D17E81D21D980EF800E2647B /* AppDelegate.swift in Sources */ = {isa = PBXBuildFile; fileRef = D17E81D11D980EF800E2647B /* AppDelegate.swift */; };
		D17E81D41D980EF800E2647B /* TipViewController.swift in Sources */ = {isa = PBXBuildFile; fileRef = D17E81D31D980EF800E2647B /* TipViewController.swift */; };
		D17E81D71D980EF800E2647B /* Main.storyboard in Resources */ = {isa = PBXBuildFile; fileRef = D17E81D51D980EF800E2647B /* Main.storyboard */; };
		D17E81D91D980EF800E2647B /* Assets.xcassets in Resources */ = {isa = PBXBuildFile; fileRef = D17E81D81D980EF800E2647B /* Assets.xcassets */; };
		D17E81DC1D980EF800E2647B /* LaunchScreen.storyboard in Resources */ = {isa = PBXBuildFile; fileRef = D17E81DA1D980EF800E2647B /* LaunchScreen.storyboard */; };
		D17E81E61D98141600E2647B /* SettingsViewController.swift in Sources */ = {isa = PBXBuildFile; fileRef = D17E81E51D98141600E2647B /* SettingsViewController.swift */; };
/* End PBXBuildFile section */

/* Begin PBXFileReference section */
		D17E81CE1D980EF700E2647B /* TipCalculator.app */ = {isa = PBXFileReference; explicitFileType = wrapper.application; includeInIndex = 0; path = TipCalculator.app; sourceTree = BUILT_PRODUCTS_DIR; };
		D17E81D11D980EF800E2647B /* AppDelegate.swift */ = {isa = PBXFileReference; lastKnownFileType = sourcecode.swift; path = AppDelegate.swift; sourceTree = "<group>"; };
		D17E81D31D980EF800E2647B /* TipViewController.swift */ = {isa = PBXFileReference; lastKnownFileType = sourcecode.swift; path = TipViewController.swift; sourceTree = "<group>"; };
		D17E81D61D980EF800E2647B /* Base */ = {isa = PBXFileReference; lastKnownFileType = file.storyboard; name = Base; path = Base.lproj/Main.storyboard; sourceTree = "<group>"; };
		D17E81D81D980EF800E2647B /* Assets.xcassets */ = {isa = PBXFileReference; lastKnownFileType = folder.assetcatalog; path = Assets.xcassets; sourceTree = "<group>"; };
		D17E81DB1D980EF800E2647B /* Base */ = {isa = PBXFileReference; lastKnownFileType = file.storyboard; name = Base; path = Base.lproj/LaunchScreen.storyboard; sourceTree = "<group>"; };
		D17E81DD1D980EF800E2647B /* Info.plist */ = {isa = PBXFileReference; lastKnownFileType = text.plist.xml; path = Info.plist; sourceTree = "<group>"; };
		D17E81E51D98141600E2647B /* SettingsViewController.swift */ = {isa = PBXFileReference; fileEncoding = 4; lastKnownFileType = sourcecode.swift; path = SettingsViewController.swift; sourceTree = "<group>"; };
/* End PBXFileReference section */

/* Begin PBXFrameworksBuildPhase section */
		D17E81CB1D980EF700E2647B /* Frameworks */ = {
			isa = PBXFrameworksBuildPhase;
			buildActionMask = 2147483647;
			files = (
			);
			runOnlyForDeploymentPostprocessing = 0;
		};
/* End PBXFrameworksBuildPhase section */

/* Begin PBXGroup section */
		D17E81C51D980EF700E2647B = {
			isa = PBXGroup;
			children = (
				D17E81D01D980EF800E2647B /* TipCalculator */,
				D17E81CF1D980EF700E2647B /* Products */,
			);
			sourceTree = "<group>";
		};
		D17E81CF1D980EF700E2647B /* Products */ = {
			isa = PBXGroup;
			children = (
				D17E81CE1D980EF700E2647B /* TipCalculator.app */,
			);
			name = Products;
			sourceTree = "<group>";
		};
		D17E81D01D980EF800E2647B /* TipCalculator */ = {
			isa = PBXGroup;
			children = (
				D17E81D11D980EF800E2647B /* AppDelegate.swift */,
				D17E81D31D980EF800E2647B /* TipViewController.swift */,
				D17E81D51D980EF800E2647B /* Main.storyboard */,
				D17E81D81D980EF800E2647B /* Assets.xcassets */,
				D17E81DA1D980EF800E2647B /* LaunchScreen.storyboard */,
				D17E81DD1D980EF800E2647B /* Info.plist */,
				D17E81E51D98141600E2647B /* SettingsViewController.swift */,
			);
			path = TipCalculator;
			sourceTree = "<group>";
		};
/* End PBXGroup section */

/* Begin PBXNativeTarget section */
		D17E81CD1D980EF700E2647B /* TipCalculator */ = {
			isa = PBXNativeTarget;
			buildConfigurationList = D17E81E01D980EF800E2647B /* Build configuration list for PBXNativeTarget "TipCalculator" */;
			buildPhases = (
				D17E81CA1D980EF700E2647B /* Sources */,
				D17E81CB1D980EF700E2647B /* Frameworks */,
				D17E81CC1D980EF700E2647B /* Resources */,
			);
			buildRules = (
			);
			dependencies = (
			);
			name = TipCalculator;
			productName = TipCalculator;
			productReference = D17E81CE1D980EF700E2647B /* TipCalculator.app */;
			productType = "com.apple.product-type.application";
		};
/* End PBXNativeTarget section */

/* Begin PBXProject section */
		D17E81C61D980EF700E2647B /* Project object */ = {
			isa = PBXProject;
			attributes = {
				LastSwiftUpdateCheck = 0730;
				LastUpgradeCheck = 0730;
				ORGANIZATIONNAME = "Andres Diaz";
				TargetAttributes = {
					D17E81CD1D980EF700E2647B = {
						CreatedOnToolsVersion = 7.3.1;
						DevelopmentTeam = ZR28QF3429;
					};
				};
			};
			buildConfigurationList = D17E81C91D980EF700E2647B /* Build configuration list for PBXProject "TipCalculator" */;
			compatibilityVersion = "Xcode 3.2";
			developmentRegion = English;
			hasScannedForEncodings = 0;
			knownRegions = (
				en,
				Base,
			);
			mainGroup = D17E81C51D980EF700E2647B;
			productRefGroup = D17E81CF1D980EF700E2647B /* Products */;
			projectDirPath = "";
			projectRoot = "";
			targets = (
				D17E81CD1D980EF700E2647B /* TipCalculator */,
			);
		};
/* End PBXProject section */

/* Begin PBXResourcesBuildPhase section */
		D17E81CC1D980EF700E2647B /* Resources */ = {
			isa = PBXResourcesBuildPhase;
			buildActionMask = 2147483647;
			files = (
				D17E81DC1D980EF800E2647B /* LaunchScreen.storyboard in Resources */,
				D17E81D91D980EF800E2647B /* Assets.xcassets in Resources */,
				D17E81D71D980EF800E2647B /* Main.storyboard in Resources */,
			);
			runOnlyForDeploymentPostprocessing = 0;
		};
/* End PBXResourcesBuildPhase section */

/* Begin PBXSourcesBuildPhase section */
		D17E81CA1D980EF700E2647B /* Sources */ = {
			isa = PBXSourcesBuildPhase;
			buildActionMask = 2147483647;
			files = (
				D17E81D41D980EF800E2647B /* TipViewController.swift in Sources */,
				D17E81D21D980EF800E2647B /* AppDelegate.swift in Sources */,
				D17E81E61D98141600E2647B /* SettingsViewController.swift in Sources */,
			);
			runOnlyForDeploymentPostprocessing = 0;
		};
/* End PBXSourcesBuildPhase section */

/* Begin PBXVariantGroup section */
		D17E81D51D980EF800E2647B /* Main.storyboard */ = {
			isa = PBXVariantGroup;
			children = (
				D17E81D61D980EF800E2647B /* Base */,
			);
			name = Main.storyboard;
			sourceTree = "<group>";
		};
		D17E81DA1D980EF800E2647B /* LaunchScreen.storyboard */ = {
			isa = PBXVariantGroup;
			children = (
				D17E81DB1D980EF800E2647B /* Base */,
			);
			name = LaunchScreen.storyboard;
			sourceTree = "<group>";
		};
/* End PBXVariantGroup section */

/* Begin XCBuildConfiguration section */
		D17E81DE1D980EF800E2647B /* Debug */ = {
			isa = XCBuildConfiguration;
			buildSettings = {
				ALWAYS_SEARCH_USER_PATHS = NO;
				CLANG_ANALYZER_NONNULL = YES;
				CLANG_CXX_LANGUAGE_STANDARD = "gnu++0x";
				CLANG_CXX_LIBRARY = "libc++";
				CLANG_ENABLE_MODULES = YES;
				CLANG_ENABLE_OBJC_ARC = YES;
				CLANG_WARN_BOOL_CONVERSION = YES;
				CLANG_WARN_CONSTANT_CONVERSION = YES;
				CLANG_WARN_DIRECT_OBJC_ISA_USAGE = YES_ERROR;
				CLANG_WARN_EMPTY_BODY = YES;
				CLANG_WARN_ENUM_CONVERSION = YES;
				CLANG_WARN_INT_CONVERSION = YES;
				CLANG_WARN_OBJC_ROOT_CLASS = YES_ERROR;
				CLANG_WARN_UNREACHABLE_CODE = YES;
				CLANG_WARN__DUPLICATE_METHOD_MATCH = YES;
				"CODE_SIGN_IDENTITY[sdk=iphoneos*]" = "iPhone Developer";
				COPY_PHASE_STRIP = NO;
				DEBUG_INFORMATION_FORMAT = dwarf;
				ENABLE_STRICT_OBJC_MSGSEND = YES;
				ENABLE_TESTABILITY = YES;
				GCC_C_LANGUAGE_STANDARD = gnu99;
				GCC_DYNAMIC_NO_PIC = NO;
				GCC_NO_COMMON_BLOCKS = YES;
				GCC_OPTIMIZATION_LEVEL = 0;
				GCC_PREPROCESSOR_DEFINITIONS = (
					"DEBUG=1",
					"$(inherited)",
				);
				GCC_WARN_64_TO_32_BIT_CONVERSION = YES;
				GCC_WARN_ABOUT_RETURN_TYPE = YES_ERROR;
				GCC_WARN_UNDECLARED_SELECTOR = YES;
				GCC_WARN_UNINITIALIZED_AUTOS = YES_AGGRESSIVE;
				GCC_WARN_UNUSED_FUNCTION = YES;
				GCC_WARN_UNUSED_VARIABLE = YES;
				IPHONEOS_DEPLOYMENT_TARGET = 9.3;
				MTL_ENABLE_DEBUG_INFO = YES;
				ONLY_ACTIVE_ARCH = YES;
				SDKROOT = iphoneos;
				SWIFT_OPTIMIZATION_LEVEL = "-Onone";
			};
			name = Debug;
		};
		D17E81DF1D980EF800E2647B /* Release */ = {
			isa = XCBuildConfiguration;
			buildSettings = {
				ALWAYS_SEARCH_USER_PATHS = NO;
				CLANG_ANALYZER_NONNULL = YES;
				CLANG_CXX_LANGUAGE_STANDARD = "gnu++0x";
				CLANG_CXX_LIBRARY = "libc++";
				CLANG_ENABLE_MODULES = YES;
				CLANG_ENABLE_OBJC_ARC = YES;
				CLANG_WARN_BOOL_CONVERSION = YES;
				CLANG_WARN_CONSTANT_CONVERSION = YES;
				CLANG_WARN_DIRECT_OBJC_ISA_USAGE = YES_ERROR;
				CLANG_WARN_EMPTY_BODY = YES;
				CLANG_WARN_ENUM_CONVERSION = YES;
				CLANG_WARN_INT_CONVERSION = YES;
				CLANG_WARN_OBJC_ROOT_CLASS = YES_ERROR;
				CLANG_WARN_UNREACHABLE_CODE = YES;
				CLANG_WARN__DUPLICATE_METHOD_MATCH = YES;
				"CODE_SIGN_IDENTITY[sdk=iphoneos*]" = "iPhone Developer";
				COPY_PHASE_STRIP = NO;
				DEBUG_INFORMATION_FORMAT = "dwarf-with-dsym";
				ENABLE_NS_ASSERTIONS = NO;
				ENABLE_STRICT_OBJC_MSGSEND = YES;
				GCC_C_LANGUAGE_STANDARD = gnu99;
				GCC_NO_COMMON_BLOCKS = YES;
				GCC_WARN_64_TO_32_BIT_CONVERSION = YES;
				GCC_WARN_ABOUT_RETURN_TYPE = YES_ERROR;
				GCC_WARN_UNDECLARED_SELECTOR = YES;
				GCC_WARN_UNINITIALIZED_AUTOS = YES_AGGRESSIVE;
				GCC_WARN_UNUSED_FUNCTION = YES;
				GCC_WARN_UNUSED_VARIABLE = YES;
				IPHONEOS_DEPLOYMENT_TARGET = 9.3;
				MTL_ENABLE_DEBUG_INFO = NO;
				SDKROOT = iphoneos;
				VALIDATE_PRODUCT = YES;
			};
			name = Release;
		};
		D17E81E11D980EF800E2647B /* Debug */ = {
			isa = XCBuildConfiguration;
			buildSettings = {
				ASSETCATALOG_COMPILER_APPICON_NAME = AppIcon;
				INFOPLIST_FILE = TipCalculator/Info.plist;
				LD_RUNPATH_SEARCH_PATHS = "$(inherited) @executable_path/Frameworks";
				PRODUCT_BUNDLE_IDENTIFIER = com.adiazwise.TipCalculator;
				PRODUCT_NAME = "$(TARGET_NAME)";
				TARGETED_DEVICE_FAMILY = 1;
			};
			name = Debug;
		};
		D17E81E21D980EF800E2647B /* Release */ = {
			isa = XCBuildConfiguration;
			buildSettings = {
				ASSETCATALOG_COMPILER_APPICON_NAME = AppIcon;
				INFOPLIST_FILE = TipCalculator/Info.plist;
				LD_RUNPATH_SEARCH_PATHS = "$(inherited) @executable_path/Frameworks";
				PRODUCT_BUNDLE_IDENTIFIER = com.adiazwise.TipCalculator;
				PRODUCT_NAME = "$(TARGET_NAME)";
				TARGETED_DEVICE_FAMILY = 1;
			};
			name = Release;
		};
/* End XCBuildConfiguration section */

/* Begin XCConfigurationList section */
		D17E81C91D980EF700E2647B /* Build configuration list for PBXProject "TipCalculator" */ = {
			isa = XCConfigurationList;
			buildConfigurations = (
				D17E81DE1D980EF800E2647B /* Debug */,
				D17E81DF1D980EF800E2647B /* Release */,
			);
			defaultConfigurationIsVisible = 0;
			defaultConfigurationName = Release;
		};
		D17E81E01D980EF800E2647B /* Build configuration list for PBXNativeTarget "TipCalculator" */ = {
			isa = XCConfigurationList;
			buildConfigurations = (
				D17E81E11D980EF800E2647B /* Debug */,
				D17E81E21D980EF800E2647B /* Release */,
			);
			defaultConfigurationIsVisible = 0;
		};
/* End XCConfigurationList section */
	};
	rootObject = D17E81C61D980EF700E2647B /* Project object */;
}
